{
  "requires": true,
  "lockfileVersion": 1,
  "dependencies": {
    "@pusher/push-notifications-web": {
      "version": "0.12.0",
      "resolved": "https://registry.npmjs.org/@pusher/push-notifications-web/-/push-notifications-web-0.12.0.tgz",
      "integrity": "sha512-I2KUnlKvHieUoWZ4ZwqPQ/0dDxmjdzmhUvSwy84q2w0ZOhCLqtJsQV0ljp4aOT4GOvyGLUR3zeDzCOhbU1uZvg=="
    }
  }
}
